
Microsoft Visual Studio Solution File, Format Version 12.00
# Visual Studio Version 16
VisualStudioVersion = 16.0.29025.244
MinimumVisualStudioVersion = 10.0.40219.1
Project("{FAE04EC0-301F-11D3-BF4B-00C04F79EFBC}") = "ProyectoWPF_Sincrono_Asincrono", "WPF_Sincrono_Asincrono\ProyectoWPF_Sincrono_Asincrono.csproj", "{DD805342-EF48-4722-B89A-0DA6B8F21097}"
EndProject
Global
	GlobalSection(SolutionConfigurationPlatforms) = preSolution
		Debug|Any CPU = Debug|Any CPU
		Release|Any CPU = Release|Any CPU
	EndGlobalSection
	GlobalSection(ProjectConfigurationPlatforms) = postSolution
		{DD805342-EF48-4722-B89A-0DA6B8F21097}.Debug|Any CPU.ActiveCfg = Debug|Any CPU
		{DD805342-EF48-4722-B89A-0DA6B8F21097}.Debug|Any CPU.Build.0 = Debug|Any CPU
		{DD805342-EF48-4722-B89A-0DA6B8F21097}.Release|Any CPU.ActiveCfg = Release|Any CPU
		{DD805342-EF48-4722-B89A-0DA6B8F21097}.Release|Any CPU.Build.0 = Release|Any CPU
	EndGlobalSection
	GlobalSection(SolutionProperties) = preSolution
		HideSolutionNode = FALSE
	EndGlobalSection
	GlobalSection(ExtensibilityGlobals) = postSolution
		SolutionGuid = {FDA5C781-1E9F-40EF-87ED-8F5F5CB88A64}
	EndGlobalSection
EndGlobal
