
Microsoft Visual Studio Solution File, Format Version 12.00
# Visual Studio Version 16
VisualStudioVersion = 16.0.29025.244
MinimumVisualStudioVersion = 10.0.40219.1
Project("{FAE04EC0-301F-11D3-BF4B-00C04F79EFBC}") = "ClasesConJavaScript", "ClasesConJavaScript\ClasesConJavaScript.csproj", "{354C4E7A-EA4F-4C4A-80B8-BBA1CE1C3ABD}"
EndProject
Global
	GlobalSection(SolutionConfigurationPlatforms) = preSolution
		Debug|Any CPU = Debug|Any CPU
		Release|Any CPU = Release|Any CPU
	EndGlobalSection
	GlobalSection(ProjectConfigurationPlatforms) = postSolution
		{354C4E7A-EA4F-4C4A-80B8-BBA1CE1C3ABD}.Debug|Any CPU.ActiveCfg = Debug|Any CPU
		{354C4E7A-EA4F-4C4A-80B8-BBA1CE1C3ABD}.Debug|Any CPU.Build.0 = Debug|Any CPU
		{354C4E7A-EA4F-4C4A-80B8-BBA1CE1C3ABD}.Release|Any CPU.ActiveCfg = Release|Any CPU
		{354C4E7A-EA4F-4C4A-80B8-BBA1CE1C3ABD}.Release|Any CPU.Build.0 = Release|Any CPU
	EndGlobalSection
	GlobalSection(SolutionProperties) = preSolution
		HideSolutionNode = FALSE
	EndGlobalSection
	GlobalSection(ExtensibilityGlobals) = postSolution
		SolutionGuid = {BE915226-E671-4BCA-92FC-2E2A707B6D25}
	EndGlobalSection
EndGlobal
