
Microsoft Visual Studio Solution File, Format Version 12.00
# Visual Studio Version 16
VisualStudioVersion = 16.0.29025.244
MinimumVisualStudioVersion = 10.0.40219.1
Project("{FAE04EC0-301F-11D3-BF4B-00C04F79EFBC}") = "HolaMundoGit", "HolaMundoGit\HolaMundoGit.csproj", "{66E78923-6FF6-403E-87AE-E787876A5E4A}"
EndProject
Global
	GlobalSection(SolutionConfigurationPlatforms) = preSolution
		Debug|Any CPU = Debug|Any CPU
		Release|Any CPU = Release|Any CPU
	EndGlobalSection
	GlobalSection(ProjectConfigurationPlatforms) = postSolution
		{66E78923-6FF6-403E-87AE-E787876A5E4A}.Debug|Any CPU.ActiveCfg = Debug|Any CPU
		{66E78923-6FF6-403E-87AE-E787876A5E4A}.Debug|Any CPU.Build.0 = Debug|Any CPU
		{66E78923-6FF6-403E-87AE-E787876A5E4A}.Release|Any CPU.ActiveCfg = Release|Any CPU
		{66E78923-6FF6-403E-87AE-E787876A5E4A}.Release|Any CPU.Build.0 = Release|Any CPU
	EndGlobalSection
	GlobalSection(SolutionProperties) = preSolution
		HideSolutionNode = FALSE
	EndGlobalSection
	GlobalSection(ExtensibilityGlobals) = postSolution
		SolutionGuid = {BC36B0B9-89DB-4252-830C-498A0F975DD1}
	EndGlobalSection
EndGlobal
