
Microsoft Visual Studio Solution File, Format Version 12.00
# Visual Studio Version 16
VisualStudioVersion = 16.0.29025.244
MinimumVisualStudioVersion = 10.0.40219.1
Project("{FAE04EC0-301F-11D3-BF4B-00C04F79EFBC}") = "Ejercicio5", "Ejercicio5\Ejercicio5.csproj", "{D0DC3D7E-CC8A-472F-B375-FA591FCFFB2D}"
EndProject
Global
	GlobalSection(SolutionConfigurationPlatforms) = preSolution
		Debug|Any CPU = Debug|Any CPU
		Release|Any CPU = Release|Any CPU
	EndGlobalSection
	GlobalSection(ProjectConfigurationPlatforms) = postSolution
		{D0DC3D7E-CC8A-472F-B375-FA591FCFFB2D}.Debug|Any CPU.ActiveCfg = Debug|Any CPU
		{D0DC3D7E-CC8A-472F-B375-FA591FCFFB2D}.Debug|Any CPU.Build.0 = Debug|Any CPU
		{D0DC3D7E-CC8A-472F-B375-FA591FCFFB2D}.Release|Any CPU.ActiveCfg = Release|Any CPU
		{D0DC3D7E-CC8A-472F-B375-FA591FCFFB2D}.Release|Any CPU.Build.0 = Release|Any CPU
	EndGlobalSection
	GlobalSection(SolutionProperties) = preSolution
		HideSolutionNode = FALSE
	EndGlobalSection
	GlobalSection(ExtensibilityGlobals) = postSolution
		SolutionGuid = {E78CAC4D-6041-4D39-B5A8-6C77BE005E46}
	EndGlobalSection
EndGlobal
